
Microsoft Visual Studio Solution File, Format Version 12.00
# Visual Studio Version 17
VisualStudioVersion = 17.14.36511.14
MinimumVisualStudioVersion = 10.0.40219.1
Project("{2150E333-8FDC-42A3-9474-1A3956D46DE8}") = "Task0", "Task0", "{36D591C7-65C7-A0D1-1CBC-10CDE441BDC8}"
EndProject
Project("{FAE04EC0-301F-11D3-BF4B-00C04F79EFBC}") = "Tyuiu.DolgovIV.Sprint2.Task0.V24.Lib", "Tyuiu.DolgovIV.Sprint2.Task0.V24.Lib\Tyuiu.DolgovIV.Sprint2.Task0.V24.Lib.csproj", "{2EDD58DA-055E-4D39-84BA-AA34D1A9D00A}"
EndProject
Project("{FAE04EC0-301F-11D3-BF4B-00C04F79EFBC}") = "Tyuiu.DolgovIV.Sprint2.Task0.V24.Test", "Tyuiu.DolgovIV.Sprint2.Task0.V24.Test\Tyuiu.DolgovIV.Sprint2.Task0.V24.Test.csproj", "{6C6521BA-7472-4607-BE04-F9833772FDFB}"
EndProject
Project("{FAE04EC0-301F-11D3-BF4B-00C04F79EFBC}") = "Tyuiu.DolgovIV.Sprint2.Task0.V24", "Tyuiu.DolgovIV.Sprint2.Task0.V24\Tyuiu.DolgovIV.Sprint2.Task0.V24.csproj", "{84E5850C-B285-4762-9F67-515388257BEA}"
EndProject
Project("{2150E333-8FDC-42A3-9474-1A3956D46DE8}") = "Task1", "Task1", "{23102293-7613-42AA-8711-3CD2D02ECE5D}"
EndProject
Project("{FAE04EC0-301F-11D3-BF4B-00C04F79EFBC}") = "Tyuiu.DolgovIV.Sprint2.Task1.V18", "Tyuiu.DolgovIV.Sprint2.Task1.V18\Tyuiu.DolgovIV.Sprint2.Task1.V18.csproj", "{8F21FAF4-EEA8-42DD-8BA7-CEC9C6BC6E23}"
EndProject
Project("{FAE04EC0-301F-11D3-BF4B-00C04F79EFBC}") = "Tyuiu.DolgovIV.Sprint2.Task1.V18.Test", "Tyuiu.DolgovIV.Sprint2.Task1.V18.Test\Tyuiu.DolgovIV.Sprint2.Task1.V18.Test.csproj", "{D30303B2-3FC2-4A1F-97B9-84991F8B3B7B}"
EndProject
Project("{FAE04EC0-301F-11D3-BF4B-00C04F79EFBC}") = "Tyuiu.DolgovIV.Sprint2.Task1.V18.Lib", "Tyuiu.DolgovIV.Sprint2.Task1.V18.Lib\Tyuiu.DolgovIV.Sprint2.Task1.V18.Lib.csproj", "{D9FB3A85-E027-4876-B522-3BDA42B727CF}"
EndProject
Project("{2150E333-8FDC-42A3-9474-1A3956D46DE8}") = "Task2", "Task2", "{17ACFE59-9CD7-4229-B7A1-9C1B2ECBA19B}"
EndProject
Project("{FAE04EC0-301F-11D3-BF4B-00C04F79EFBC}") = "Tyuiu.DolgovIV.Sprint2.Task2.V4.Lib", "Tyuiu.DolgovIV.Sprint2.Task2.V4.Lib\Tyuiu.DolgovIV.Sprint2.Task2.V4.Lib.csproj", "{C3B68172-BB74-46F3-8286-71B90E738F40}"
EndProject
Project("{FAE04EC0-301F-11D3-BF4B-00C04F79EFBC}") = "Tyuiu.DolgovIV.Sprint2.Task2.V4.Test", "Tyuiu.DolgovIV.Sprint2.Task2.V4.Test\Tyuiu.DolgovIV.Sprint2.Task2.V4.Test.csproj", "{B81FE867-AA3D-42D4-A28B-362F8843B729}"
EndProject
Project("{FAE04EC0-301F-11D3-BF4B-00C04F79EFBC}") = "Tyuiu.DolgovIV.Sprint2.Task2.V4", "Tyuiu.DolgovIV.Sprint2.Task2.V4\Tyuiu.DolgovIV.Sprint2.Task2.V4.csproj", "{FAB438A3-04AD-4437-A429-15BE513790A2}"
EndProject
Global
	GlobalSection(SolutionConfigurationPlatforms) = preSolution
		Debug|Any CPU = Debug|Any CPU
		Release|Any CPU = Release|Any CPU
	EndGlobalSection
	GlobalSection(ProjectConfigurationPlatforms) = postSolution
		{2EDD58DA-055E-4D39-84BA-AA34D1A9D00A}.Debug|Any CPU.ActiveCfg = Debug|Any CPU
		{2EDD58DA-055E-4D39-84BA-AA34D1A9D00A}.Debug|Any CPU.Build.0 = Debug|Any CPU
		{2EDD58DA-055E-4D39-84BA-AA34D1A9D00A}.Release|Any CPU.ActiveCfg = Release|Any CPU
		{2EDD58DA-055E-4D39-84BA-AA34D1A9D00A}.Release|Any CPU.Build.0 = Release|Any CPU
		{6C6521BA-7472-4607-BE04-F9833772FDFB}.Debug|Any CPU.ActiveCfg = Debug|Any CPU
		{6C6521BA-7472-4607-BE04-F9833772FDFB}.Debug|Any CPU.Build.0 = Debug|Any CPU
		{6C6521BA-7472-4607-BE04-F9833772FDFB}.Release|Any CPU.ActiveCfg = Release|Any CPU
		{6C6521BA-7472-4607-BE04-F9833772FDFB}.Release|Any CPU.Build.0 = Release|Any CPU
		{84E5850C-B285-4762-9F67-515388257BEA}.Debug|Any CPU.ActiveCfg = Debug|Any CPU
		{84E5850C-B285-4762-9F67-515388257BEA}.Debug|Any CPU.Build.0 = Debug|Any CPU
		{84E5850C-B285-4762-9F67-515388257BEA}.Release|Any CPU.ActiveCfg = Release|Any CPU
		{84E5850C-B285-4762-9F67-515388257BEA}.Release|Any CPU.Build.0 = Release|Any CPU
		{8F21FAF4-EEA8-42DD-8BA7-CEC9C6BC6E23}.Debug|Any CPU.ActiveCfg = Debug|Any CPU
		{8F21FAF4-EEA8-42DD-8BA7-CEC9C6BC6E23}.Debug|Any CPU.Build.0 = Debug|Any CPU
		{8F21FAF4-EEA8-42DD-8BA7-CEC9C6BC6E23}.Release|Any CPU.ActiveCfg = Release|Any CPU
		{8F21FAF4-EEA8-42DD-8BA7-CEC9C6BC6E23}.Release|Any CPU.Build.0 = Release|Any CPU
		{D30303B2-3FC2-4A1F-97B9-84991F8B3B7B}.Debug|Any CPU.ActiveCfg = Debug|Any CPU
		{D30303B2-3FC2-4A1F-97B9-84991F8B3B7B}.Debug|Any CPU.Build.0 = Debug|Any CPU
		{D30303B2-3FC2-4A1F-97B9-84991F8B3B7B}.Release|Any CPU.ActiveCfg = Release|Any CPU
		{D30303B2-3FC2-4A1F-97B9-84991F8B3B7B}.Release|Any CPU.Build.0 = Release|Any CPU
		{D9FB3A85-E027-4876-B522-3BDA42B727CF}.Debug|Any CPU.ActiveCfg = Debug|Any CPU
		{D9FB3A85-E027-4876-B522-3BDA42B727CF}.Debug|Any CPU.Build.0 = Debug|Any CPU
		{D9FB3A85-E027-4876-B522-3BDA42B727CF}.Release|Any CPU.ActiveCfg = Release|Any CPU
		{D9FB3A85-E027-4876-B522-3BDA42B727CF}.Release|Any CPU.Build.0 = Release|Any CPU
		{C3B68172-BB74-46F3-8286-71B90E738F40}.Debug|Any CPU.ActiveCfg = Debug|Any CPU
		{C3B68172-BB74-46F3-8286-71B90E738F40}.Debug|Any CPU.Build.0 = Debug|Any CPU
		{C3B68172-BB74-46F3-8286-71B90E738F40}.Release|Any CPU.ActiveCfg = Release|Any CPU
		{C3B68172-BB74-46F3-8286-71B90E738F40}.Release|Any CPU.Build.0 = Release|Any CPU
		{B81FE867-AA3D-42D4-A28B-362F8843B729}.Debug|Any CPU.ActiveCfg = Debug|Any CPU
		{B81FE867-AA3D-42D4-A28B-362F8843B729}.Debug|Any CPU.Build.0 = Debug|Any CPU
		{B81FE867-AA3D-42D4-A28B-362F8843B729}.Release|Any CPU.ActiveCfg = Release|Any CPU
		{B81FE867-AA3D-42D4-A28B-362F8843B729}.Release|Any CPU.Build.0 = Release|Any CPU
		{FAB438A3-04AD-4437-A429-15BE513790A2}.Debug|Any CPU.ActiveCfg = Debug|Any CPU
		{FAB438A3-04AD-4437-A429-15BE513790A2}.Debug|Any CPU.Build.0 = Debug|Any CPU
		{FAB438A3-04AD-4437-A429-15BE513790A2}.Release|Any CPU.ActiveCfg = Release|Any CPU
		{FAB438A3-04AD-4437-A429-15BE513790A2}.Release|Any CPU.Build.0 = Release|Any CPU
	EndGlobalSection
	GlobalSection(SolutionProperties) = preSolution
		HideSolutionNode = FALSE
	EndGlobalSection
	GlobalSection(NestedProjects) = preSolution
		{2EDD58DA-055E-4D39-84BA-AA34D1A9D00A} = {36D591C7-65C7-A0D1-1CBC-10CDE441BDC8}
		{6C6521BA-7472-4607-BE04-F9833772FDFB} = {36D591C7-65C7-A0D1-1CBC-10CDE441BDC8}
		{84E5850C-B285-4762-9F67-515388257BEA} = {36D591C7-65C7-A0D1-1CBC-10CDE441BDC8}
		{8F21FAF4-EEA8-42DD-8BA7-CEC9C6BC6E23} = {23102293-7613-42AA-8711-3CD2D02ECE5D}
		{D30303B2-3FC2-4A1F-97B9-84991F8B3B7B} = {23102293-7613-42AA-8711-3CD2D02ECE5D}
		{D9FB3A85-E027-4876-B522-3BDA42B727CF} = {23102293-7613-42AA-8711-3CD2D02ECE5D}
		{C3B68172-BB74-46F3-8286-71B90E738F40} = {17ACFE59-9CD7-4229-B7A1-9C1B2ECBA19B}
		{B81FE867-AA3D-42D4-A28B-362F8843B729} = {17ACFE59-9CD7-4229-B7A1-9C1B2ECBA19B}
		{FAB438A3-04AD-4437-A429-15BE513790A2} = {17ACFE59-9CD7-4229-B7A1-9C1B2ECBA19B}
	EndGlobalSection
	GlobalSection(ExtensibilityGlobals) = postSolution
		SolutionGuid = {2ACD4868-89CA-49DD-8EBD-31754E6918CC}
	EndGlobalSection
EndGlobal
